
Microsoft Visual Studio Solution File, Format Version 12.00
# Visual Studio Version 17
VisualStudioVersion = 17.7.34202.233
MinimumVisualStudioVersion = 10.0.40219.1
Project("{FAE04EC0-301F-11D3-BF4B-00C04F79EFBC}") = "Demo.Processing.Api", "Demo.Processing.Api\Demo.Processing.Api.csproj", "{0B04D4C8-CFA3-4EEA-9F10-A776F633612A}"
EndProject
Project("{FAE04EC0-301F-11D3-BF4B-00C04F79EFBC}") = "Demo.Processing.Functions", "Demo.Processing.Functions\Demo.Processing.Functions.csproj", "{0C83F321-82A4-4CA8-8AA4-27DD24B05385}"
EndProject
Global
	GlobalSection(SolutionConfigurationPlatforms) = preSolution
		Debug|Any CPU = Debug|Any CPU
		Release|Any CPU = Release|Any CPU
	EndGlobalSection
	GlobalSection(ProjectConfigurationPlatforms) = postSolution
		{0B04D4C8-CFA3-4EEA-9F10-A776F633612A}.Debug|Any CPU.ActiveCfg = Debug|Any CPU
		{0B04D4C8-CFA3-4EEA-9F10-A776F633612A}.Debug|Any CPU.Build.0 = Debug|Any CPU
		{0B04D4C8-CFA3-4EEA-9F10-A776F633612A}.Release|Any CPU.ActiveCfg = Release|Any CPU
		{0B04D4C8-CFA3-4EEA-9F10-A776F633612A}.Release|Any CPU.Build.0 = Release|Any CPU
		{0C83F321-82A4-4CA8-8AA4-27DD24B05385}.Debug|Any CPU.ActiveCfg = Debug|Any CPU
		{0C83F321-82A4-4CA8-8AA4-27DD24B05385}.Debug|Any CPU.Build.0 = Debug|Any CPU
		{0C83F321-82A4-4CA8-8AA4-27DD24B05385}.Release|Any CPU.ActiveCfg = Release|Any CPU
		{0C83F321-82A4-4CA8-8AA4-27DD24B05385}.Release|Any CPU.Build.0 = Release|Any CPU
	EndGlobalSection
	GlobalSection(SolutionProperties) = preSolution
		HideSolutionNode = FALSE
	EndGlobalSection
	GlobalSection(ExtensibilityGlobals) = postSolution
		SolutionGuid = {29564469-FF3F-402E-A6F0-B6F4E1C07C20}
	EndGlobalSection
EndGlobal
